<?xml version="1.0" encoding="utf-8"?>
<Project ToolsVersion="4.0" xmlns="http://schemas.microsoft.com/developer/msbuild/2003">
  <ItemGroup>
    <Filter Include="Header Files">
      <UniqueIdentifier>{93995380-89BD-4b04-88EB-625FBE52EBFB}</UniqueIdentifier>
      <Extensions>h;hh;hpp;hxx;h++;hm;inl;inc;ipp;xsd</Extensions>
    </Filter>
    <Filter Include="Resource Files">
      <UniqueIdentifier>{67DA6AB6-F800-4c08-8B7A-83BB121AAD01}</UniqueIdentifier>
      <Extensions>rc;ico;cur;bmp;dlg;rc2;rct;bin;rgs;gif;jpg;jpeg;jpe;resx;tiff;tif;png;wav;mfcribbon-ms</Extensions>
    </Filter>
    <Filter Include="Resource Files\Source Files">
      <UniqueIdentifier>{4FC737F1-C7A5-4376-A066-2A32D752A2FF}</UniqueIdentifier>
      <Extensions>cpp;c;cc;cxx;c++;cppm;ixx;def;odl;idl;hpj;bat;asm;asmx</Extensions>
    </Filter>
  </ItemGroup>
  <ItemGroup>
    <ClInclude Include="Course.h">
      <Filter>Header Files</Filter>
    </ClInclude>
    <ClInclude Include="Student.h">
      <Filter>Header Files</Filter>
    </ClInclude>
    <ClInclude Include="RequirementCheckResult.h">
      <Filter>Header Files</Filter>
    </ClInclude>
    <ClInclude Include="AdmissionRequirement.h">
      <Filter>Header Files</Filter>
    </ClInclude>
    <ClInclude Include="Exceptions.h">
      <Filter>Header Files</Filter>
    </ClInclude>
    <ClInclude Include="MinimumCreditsRequirement.h">
      <Filter>Header Files</Filter>
    </ClInclude>
    <ClInclude Include="RequiredCoursesRequirement.h">
      <Filter>Header Files</Filter>
    </ClInclude>
    <ClInclude Include="MinimumCoursesFromCategoryRequirement.h">
      <Filter>Header Files</Filter>
    </ClInclude>
    <ClInclude Include="MinimumElectiveCreditsRequirement.h">
      <Filter>Header Files</Filter>
    </ClInclude>
    <ClInclude Include="MaximumRemainingElectivesRequirement.h">
      <Filter>Header Files</Filter>
    </ClInclude>
    <ClInclude Include="MinimumAverageGradeRequirement.h">
      <Filter>Header Files</Filter>
    </ClInclude>
    <ClInclude Include="AllMandatoryCoursesPassedRequirement.h">
      <Filter>Header Files</Filter>
    </ClInclude>
    <ClInclude Include="RequirementFactory.h">
      <Filter>Header Files</Filter>
    </ClInclude>
    <ClInclude Include="AdmissionReport.h">
      <Filter>Header Files</Filter>
    </ClInclude>
    <ClInclude Include="AdmissionService.h">
      <Filter>Header Files</Filter>
    </ClInclude>
    <ClInclude Include="StudentSystem.h">
      <Filter>Header Files</Filter>
    </ClInclude>
  </ItemGroup>
  <ItemGroup>
    <ClCompile Include="Course.cpp">
      <Filter>Resource Files\Source Files</Filter>
    </ClCompile>
    <ClCompile Include="Student.cpp">
      <Filter>Resource Files\Source Files</Filter>
    </ClCompile>
    <ClCompile Include="RequirementCheckResult.cpp">
      <Filter>Resource Files\Source Files</Filter>
    </ClCompile>
    <ClCompile Include="MinimumCreditsRequirement.cpp">
      <Filter>Resource Files\Source Files</Filter>
    </ClCompile>
    <ClCompile Include="RequiredCoursesRequirement.cpp">
      <Filter>Resource Files\Source Files</Filter>
    </ClCompile>
    <ClCompile Include="MinimumCoursesFromCategoryRequirement.cpp">
      <Filter>Resource Files\Source Files</Filter>
    </ClCompile>
    <ClCompile Include="MinimumElectiveCreditsRequirement.cpp">
      <Filter>Resource Files\Source Files</Filter>
    </ClCompile>
    <ClCompile Include="MaximumRemainingElectivesRequirement.cpp">
      <Filter>Resource Files\Source Files</Filter>
    </ClCompile>
    <ClCompile Include="MinimumAverageGradeRequirement.cpp">
      <Filter>Resource Files\Source Files</Filter>
    </ClCompile>
    <ClCompile Include="AllMandatoryCoursesPassedRequirement.cpp">
      <Filter>Resource Files\Source Files</Filter>
    </ClCompile>
    <ClCompile Include="RequirementFactory.cpp">
      <Filter>Resource Files\Source Files</Filter>
    </ClCompile>
    <ClCompile Include="AdmissionReport.cpp">
      <Filter>Resource Files\Source Files</Filter>
    </ClCompile>
    <ClCompile Include="AdmissionService.cpp">
      <Filter>Resource Files\Source Files</Filter>
    </ClCompile>
    <ClCompile Include="StudentSystem.cpp">
      <Filter>Resource Files\Source Files</Filter>
    </ClCompile>
    <ClCompile Include="main.cpp">
      <Filter>Resource Files\Source Files</Filter>
    </ClCompile>
  </ItemGroup>
</Project>